
Microsoft Visual Studio Solution File, Format Version 11.00
# Visual Studio 2010
Project("{FAE04EC0-301F-11D3-BF4B-00C04F79EFBC}") = "Scratchpad", "Scratchpad\Scratchpad.csproj", "{DE7002A5-F531-4616-902A-18AA06BA0356}"
EndProject
Project("{FAE04EC0-301F-11D3-BF4B-00C04F79EFBC}") = "WinScratchpad", "WinScratchpad\WinScratchpad.csproj", "{A86C041E-BDAF-445B-963A-563C855C60FA}"
EndProject
Project("{FAE04EC0-301F-11D3-BF4B-00C04F79EFBC}") = "Taschenrechner", "Taschenrechner\Taschenrechner.csproj", "{4B5AFEC2-7721-4A52-A4F1-FACEC5DE0FBE}"
EndProject
Project("{2150E333-8FDC-42A3-9474-1A3956D46DE8}") = "Scratchpads", "Scratchpads", "{2D19B94E-6687-4C67-B843-965F0D42303E}"
EndProject
Project("{FAE04EC0-301F-11D3-BF4B-00C04F79EFBC}") = "Rechenwerk.TDD", "Rechenwerk.TDD\Rechenwerk.TDD.csproj", "{E77CD83A-F190-483B-959A-D9AB2A6A9F55}"
EndProject
Project("{FAE04EC0-301F-11D3-BF4B-00C04F79EFBC}") = "Rechenwerk.FD", "Rechenwerk.FD\Rechenwerk.FD.csproj", "{1E845AF4-E9B8-4620-9DE0-FCC8C903BEEA}"
EndProject
Project("{FAE04EC0-301F-11D3-BF4B-00C04F79EFBC}") = "Dateisuche", "Dateisuche\Dateisuche.csproj", "{75A5C819-1907-4E9A-99A8-47D04A0BA088}"
EndProject
Project("{FAE04EC0-301F-11D3-BF4B-00C04F79EFBC}") = "SubstantiveExtrahieren", "SubstantiveExtrahieren\SubstantiveExtrahieren.csproj", "{8DD844E0-1EB4-4CDC-99AB-0960608D6C96}"
EndProject
Project("{2150E333-8FDC-42A3-9474-1A3956D46DE8}") = "Verteilte Anwendungen", "Verteilte Anwendungen", "{A901747C-A676-4A71-ADA9-5B533AAB800B}"
EndProject
Project("{FAE04EC0-301F-11D3-BF4B-00C04F79EFBC}") = "webservice aufrufen", "webservice aufrufen\webservice aufrufen.csproj", "{2E2B908E-2F06-426D-874C-4BBC6F8FE43C}"
EndProject
Project("{FAE04EC0-301F-11D3-BF4B-00C04F79EFBC}") = "SyncAsyncConsole", "SyncAsyncConsole\SyncAsyncConsole.csproj", "{F434363C-84EB-4877-B8A7-D73B2585F3E5}"
EndProject
Project("{FAE04EC0-301F-11D3-BF4B-00C04F79EFBC}") = "GeneratorClient", "GeneratorClient\GeneratorClient.csproj", "{B7A41777-D093-4B1E-81C1-7CAE37830B3F}"
EndProject
Project("{2150E333-8FDC-42A3-9474-1A3956D46DE8}") = "Generator", "Generator", "{94A0A132-E7B7-4547-B3C7-25DA563D2BA6}"
EndProject
Project("{FAE04EC0-301F-11D3-BF4B-00C04F79EFBC}") = "GeneratorServer", "GeneratorServer\GeneratorServer.csproj", "{827087CA-AA3F-4656-8A4D-6C8D7B47B92B}"
EndProject
Project("{FAE04EC0-301F-11D3-BF4B-00C04F79EFBC}") = "WcfOperations", "WcfOperations\WcfOperations.csproj", "{AADFD7CF-11D0-48E1-B865-D190033F3BFD}"
EndProject
Project("{FAE04EC0-301F-11D3-BF4B-00C04F79EFBC}") = "InPlaceDistribution", "InPlaceDistribution\InPlaceDistribution.csproj", "{E85A75D8-C534-467E-98AC-CF0F8E0E708D}"
EndProject
Global
	GlobalSection(SolutionConfigurationPlatforms) = preSolution
		Debug|Any CPU = Debug|Any CPU
		Debug|Mixed Platforms = Debug|Mixed Platforms
		Debug|x86 = Debug|x86
		Release|Any CPU = Release|Any CPU
		Release|Mixed Platforms = Release|Mixed Platforms
		Release|x86 = Release|x86
	EndGlobalSection
	GlobalSection(ProjectConfigurationPlatforms) = postSolution
		{DE7002A5-F531-4616-902A-18AA06BA0356}.Debug|Any CPU.ActiveCfg = Debug|x86
		{DE7002A5-F531-4616-902A-18AA06BA0356}.Debug|Mixed Platforms.ActiveCfg = Debug|x86
		{DE7002A5-F531-4616-902A-18AA06BA0356}.Debug|Mixed Platforms.Build.0 = Debug|x86
		{DE7002A5-F531-4616-902A-18AA06BA0356}.Debug|x86.ActiveCfg = Debug|x86
		{DE7002A5-F531-4616-902A-18AA06BA0356}.Debug|x86.Build.0 = Debug|x86
		{DE7002A5-F531-4616-902A-18AA06BA0356}.Release|Any CPU.ActiveCfg = Release|x86
		{DE7002A5-F531-4616-902A-18AA06BA0356}.Release|Mixed Platforms.ActiveCfg = Release|x86
		{DE7002A5-F531-4616-902A-18AA06BA0356}.Release|Mixed Platforms.Build.0 = Release|x86
		{DE7002A5-F531-4616-902A-18AA06BA0356}.Release|x86.ActiveCfg = Release|x86
		{DE7002A5-F531-4616-902A-18AA06BA0356}.Release|x86.Build.0 = Release|x86
		{A86C041E-BDAF-445B-963A-563C855C60FA}.Debug|Any CPU.ActiveCfg = Debug|x86
		{A86C041E-BDAF-445B-963A-563C855C60FA}.Debug|Mixed Platforms.ActiveCfg = Debug|x86
		{A86C041E-BDAF-445B-963A-563C855C60FA}.Debug|Mixed Platforms.Build.0 = Debug|x86
		{A86C041E-BDAF-445B-963A-563C855C60FA}.Debug|x86.ActiveCfg = Debug|x86
		{A86C041E-BDAF-445B-963A-563C855C60FA}.Debug|x86.Build.0 = Debug|x86
		{A86C041E-BDAF-445B-963A-563C855C60FA}.Release|Any CPU.ActiveCfg = Release|x86
		{A86C041E-BDAF-445B-963A-563C855C60FA}.Release|Mixed Platforms.ActiveCfg = Release|x86
		{A86C041E-BDAF-445B-963A-563C855C60FA}.Release|Mixed Platforms.Build.0 = Release|x86
		{A86C041E-BDAF-445B-963A-563C855C60FA}.Release|x86.ActiveCfg = Release|x86
		{A86C041E-BDAF-445B-963A-563C855C60FA}.Release|x86.Build.0 = Release|x86
		{4B5AFEC2-7721-4A52-A4F1-FACEC5DE0FBE}.Debug|Any CPU.ActiveCfg = Debug|x86
		{4B5AFEC2-7721-4A52-A4F1-FACEC5DE0FBE}.Debug|Mixed Platforms.ActiveCfg = Debug|x86
		{4B5AFEC2-7721-4A52-A4F1-FACEC5DE0FBE}.Debug|Mixed Platforms.Build.0 = Debug|x86
		{4B5AFEC2-7721-4A52-A4F1-FACEC5DE0FBE}.Debug|x86.ActiveCfg = Debug|x86
		{4B5AFEC2-7721-4A52-A4F1-FACEC5DE0FBE}.Debug|x86.Build.0 = Debug|x86
		{4B5AFEC2-7721-4A52-A4F1-FACEC5DE0FBE}.Release|Any CPU.ActiveCfg = Release|x86
		{4B5AFEC2-7721-4A52-A4F1-FACEC5DE0FBE}.Release|Mixed Platforms.ActiveCfg = Release|x86
		{4B5AFEC2-7721-4A52-A4F1-FACEC5DE0FBE}.Release|Mixed Platforms.Build.0 = Release|x86
		{4B5AFEC2-7721-4A52-A4F1-FACEC5DE0FBE}.Release|x86.ActiveCfg = Release|x86
		{4B5AFEC2-7721-4A52-A4F1-FACEC5DE0FBE}.Release|x86.Build.0 = Release|x86
		{E77CD83A-F190-483B-959A-D9AB2A6A9F55}.Debug|Any CPU.ActiveCfg = Debug|Any CPU
		{E77CD83A-F190-483B-959A-D9AB2A6A9F55}.Debug|Any CPU.Build.0 = Debug|Any CPU
		{E77CD83A-F190-483B-959A-D9AB2A6A9F55}.Debug|Mixed Platforms.ActiveCfg = Debug|Any CPU
		{E77CD83A-F190-483B-959A-D9AB2A6A9F55}.Debug|Mixed Platforms.Build.0 = Debug|Any CPU
		{E77CD83A-F190-483B-959A-D9AB2A6A9F55}.Debug|x86.ActiveCfg = Debug|Any CPU
		{E77CD83A-F190-483B-959A-D9AB2A6A9F55}.Release|Any CPU.ActiveCfg = Release|Any CPU
		{E77CD83A-F190-483B-959A-D9AB2A6A9F55}.Release|Any CPU.Build.0 = Release|Any CPU
		{E77CD83A-F190-483B-959A-D9AB2A6A9F55}.Release|Mixed Platforms.ActiveCfg = Release|Any CPU
		{E77CD83A-F190-483B-959A-D9AB2A6A9F55}.Release|Mixed Platforms.Build.0 = Release|Any CPU
		{E77CD83A-F190-483B-959A-D9AB2A6A9F55}.Release|x86.ActiveCfg = Release|Any CPU
		{1E845AF4-E9B8-4620-9DE0-FCC8C903BEEA}.Debug|Any CPU.ActiveCfg = Debug|Any CPU
		{1E845AF4-E9B8-4620-9DE0-FCC8C903BEEA}.Debug|Any CPU.Build.0 = Debug|Any CPU
		{1E845AF4-E9B8-4620-9DE0-FCC8C903BEEA}.Debug|Mixed Platforms.ActiveCfg = Debug|Any CPU
		{1E845AF4-E9B8-4620-9DE0-FCC8C903BEEA}.Debug|Mixed Platforms.Build.0 = Debug|Any CPU
		{1E845AF4-E9B8-4620-9DE0-FCC8C903BEEA}.Debug|x86.ActiveCfg = Debug|Any CPU
		{1E845AF4-E9B8-4620-9DE0-FCC8C903BEEA}.Release|Any CPU.ActiveCfg = Release|Any CPU
		{1E845AF4-E9B8-4620-9DE0-FCC8C903BEEA}.Release|Any CPU.Build.0 = Release|Any CPU
		{1E845AF4-E9B8-4620-9DE0-FCC8C903BEEA}.Release|Mixed Platforms.ActiveCfg = Release|Any CPU
		{1E845AF4-E9B8-4620-9DE0-FCC8C903BEEA}.Release|Mixed Platforms.Build.0 = Release|Any CPU
		{1E845AF4-E9B8-4620-9DE0-FCC8C903BEEA}.Release|x86.ActiveCfg = Release|Any CPU
		{75A5C819-1907-4E9A-99A8-47D04A0BA088}.Debug|Any CPU.ActiveCfg = Debug|x86
		{75A5C819-1907-4E9A-99A8-47D04A0BA088}.Debug|Mixed Platforms.ActiveCfg = Debug|x86
		{75A5C819-1907-4E9A-99A8-47D04A0BA088}.Debug|Mixed Platforms.Build.0 = Debug|x86
		{75A5C819-1907-4E9A-99A8-47D04A0BA088}.Debug|x86.ActiveCfg = Debug|x86
		{75A5C819-1907-4E9A-99A8-47D04A0BA088}.Debug|x86.Build.0 = Debug|x86
		{75A5C819-1907-4E9A-99A8-47D04A0BA088}.Release|Any CPU.ActiveCfg = Release|x86
		{75A5C819-1907-4E9A-99A8-47D04A0BA088}.Release|Mixed Platforms.ActiveCfg = Release|x86
		{75A5C819-1907-4E9A-99A8-47D04A0BA088}.Release|Mixed Platforms.Build.0 = Release|x86
		{75A5C819-1907-4E9A-99A8-47D04A0BA088}.Release|x86.ActiveCfg = Release|x86
		{75A5C819-1907-4E9A-99A8-47D04A0BA088}.Release|x86.Build.0 = Release|x86
		{8DD844E0-1EB4-4CDC-99AB-0960608D6C96}.Debug|Any CPU.ActiveCfg = Debug|x86
		{8DD844E0-1EB4-4CDC-99AB-0960608D6C96}.Debug|Mixed Platforms.ActiveCfg = Debug|x86
		{8DD844E0-1EB4-4CDC-99AB-0960608D6C96}.Debug|Mixed Platforms.Build.0 = Debug|x86
		{8DD844E0-1EB4-4CDC-99AB-0960608D6C96}.Debug|x86.ActiveCfg = Debug|x86
		{8DD844E0-1EB4-4CDC-99AB-0960608D6C96}.Debug|x86.Build.0 = Debug|x86
		{8DD844E0-1EB4-4CDC-99AB-0960608D6C96}.Release|Any CPU.ActiveCfg = Release|x86
		{8DD844E0-1EB4-4CDC-99AB-0960608D6C96}.Release|Mixed Platforms.ActiveCfg = Release|x86
		{8DD844E0-1EB4-4CDC-99AB-0960608D6C96}.Release|Mixed Platforms.Build.0 = Release|x86
		{8DD844E0-1EB4-4CDC-99AB-0960608D6C96}.Release|x86.ActiveCfg = Release|x86
		{8DD844E0-1EB4-4CDC-99AB-0960608D6C96}.Release|x86.Build.0 = Release|x86
		{2E2B908E-2F06-426D-874C-4BBC6F8FE43C}.Debug|Any CPU.ActiveCfg = Debug|x86
		{2E2B908E-2F06-426D-874C-4BBC6F8FE43C}.Debug|Mixed Platforms.ActiveCfg = Debug|x86
		{2E2B908E-2F06-426D-874C-4BBC6F8FE43C}.Debug|Mixed Platforms.Build.0 = Debug|x86
		{2E2B908E-2F06-426D-874C-4BBC6F8FE43C}.Debug|x86.ActiveCfg = Debug|x86
		{2E2B908E-2F06-426D-874C-4BBC6F8FE43C}.Debug|x86.Build.0 = Debug|x86
		{2E2B908E-2F06-426D-874C-4BBC6F8FE43C}.Release|Any CPU.ActiveCfg = Release|x86
		{2E2B908E-2F06-426D-874C-4BBC6F8FE43C}.Release|Mixed Platforms.ActiveCfg = Release|x86
		{2E2B908E-2F06-426D-874C-4BBC6F8FE43C}.Release|Mixed Platforms.Build.0 = Release|x86
		{2E2B908E-2F06-426D-874C-4BBC6F8FE43C}.Release|x86.ActiveCfg = Release|x86
		{2E2B908E-2F06-426D-874C-4BBC6F8FE43C}.Release|x86.Build.0 = Release|x86
		{F434363C-84EB-4877-B8A7-D73B2585F3E5}.Debug|Any CPU.ActiveCfg = Debug|x86
		{F434363C-84EB-4877-B8A7-D73B2585F3E5}.Debug|Mixed Platforms.ActiveCfg = Debug|x86
		{F434363C-84EB-4877-B8A7-D73B2585F3E5}.Debug|Mixed Platforms.Build.0 = Debug|x86
		{F434363C-84EB-4877-B8A7-D73B2585F3E5}.Debug|x86.ActiveCfg = Debug|x86
		{F434363C-84EB-4877-B8A7-D73B2585F3E5}.Debug|x86.Build.0 = Debug|x86
		{F434363C-84EB-4877-B8A7-D73B2585F3E5}.Release|Any CPU.ActiveCfg = Release|x86
		{F434363C-84EB-4877-B8A7-D73B2585F3E5}.Release|Mixed Platforms.ActiveCfg = Release|x86
		{F434363C-84EB-4877-B8A7-D73B2585F3E5}.Release|Mixed Platforms.Build.0 = Release|x86
		{F434363C-84EB-4877-B8A7-D73B2585F3E5}.Release|x86.ActiveCfg = Release|x86
		{F434363C-84EB-4877-B8A7-D73B2585F3E5}.Release|x86.Build.0 = Release|x86
		{B7A41777-D093-4B1E-81C1-7CAE37830B3F}.Debug|Any CPU.ActiveCfg = Debug|x86
		{B7A41777-D093-4B1E-81C1-7CAE37830B3F}.Debug|Mixed Platforms.ActiveCfg = Debug|x86
		{B7A41777-D093-4B1E-81C1-7CAE37830B3F}.Debug|Mixed Platforms.Build.0 = Debug|x86
		{B7A41777-D093-4B1E-81C1-7CAE37830B3F}.Debug|x86.ActiveCfg = Debug|x86
		{B7A41777-D093-4B1E-81C1-7CAE37830B3F}.Debug|x86.Build.0 = Debug|x86
		{B7A41777-D093-4B1E-81C1-7CAE37830B3F}.Release|Any CPU.ActiveCfg = Release|x86
		{B7A41777-D093-4B1E-81C1-7CAE37830B3F}.Release|Mixed Platforms.ActiveCfg = Release|x86
		{B7A41777-D093-4B1E-81C1-7CAE37830B3F}.Release|Mixed Platforms.Build.0 = Release|x86
		{B7A41777-D093-4B1E-81C1-7CAE37830B3F}.Release|x86.ActiveCfg = Release|x86
		{B7A41777-D093-4B1E-81C1-7CAE37830B3F}.Release|x86.Build.0 = Release|x86
		{827087CA-AA3F-4656-8A4D-6C8D7B47B92B}.Debug|Any CPU.ActiveCfg = Debug|x86
		{827087CA-AA3F-4656-8A4D-6C8D7B47B92B}.Debug|Mixed Platforms.ActiveCfg = Debug|x86
		{827087CA-AA3F-4656-8A4D-6C8D7B47B92B}.Debug|Mixed Platforms.Build.0 = Debug|x86
		{827087CA-AA3F-4656-8A4D-6C8D7B47B92B}.Debug|x86.ActiveCfg = Debug|x86
		{827087CA-AA3F-4656-8A4D-6C8D7B47B92B}.Debug|x86.Build.0 = Debug|x86
		{827087CA-AA3F-4656-8A4D-6C8D7B47B92B}.Release|Any CPU.ActiveCfg = Release|x86
		{827087CA-AA3F-4656-8A4D-6C8D7B47B92B}.Release|Mixed Platforms.ActiveCfg = Release|x86
		{827087CA-AA3F-4656-8A4D-6C8D7B47B92B}.Release|Mixed Platforms.Build.0 = Release|x86
		{827087CA-AA3F-4656-8A4D-6C8D7B47B92B}.Release|x86.ActiveCfg = Release|x86
		{827087CA-AA3F-4656-8A4D-6C8D7B47B92B}.Release|x86.Build.0 = Release|x86
		{AADFD7CF-11D0-48E1-B865-D190033F3BFD}.Debug|Any CPU.ActiveCfg = Debug|Any CPU
		{AADFD7CF-11D0-48E1-B865-D190033F3BFD}.Debug|Any CPU.Build.0 = Debug|Any CPU
		{AADFD7CF-11D0-48E1-B865-D190033F3BFD}.Debug|Mixed Platforms.ActiveCfg = Debug|Any CPU
		{AADFD7CF-11D0-48E1-B865-D190033F3BFD}.Debug|Mixed Platforms.Build.0 = Debug|Any CPU
		{AADFD7CF-11D0-48E1-B865-D190033F3BFD}.Debug|x86.ActiveCfg = Debug|Any CPU
		{AADFD7CF-11D0-48E1-B865-D190033F3BFD}.Release|Any CPU.ActiveCfg = Release|Any CPU
		{AADFD7CF-11D0-48E1-B865-D190033F3BFD}.Release|Any CPU.Build.0 = Release|Any CPU
		{AADFD7CF-11D0-48E1-B865-D190033F3BFD}.Release|Mixed Platforms.ActiveCfg = Release|Any CPU
		{AADFD7CF-11D0-48E1-B865-D190033F3BFD}.Release|Mixed Platforms.Build.0 = Release|Any CPU
		{AADFD7CF-11D0-48E1-B865-D190033F3BFD}.Release|x86.ActiveCfg = Release|Any CPU
		{E85A75D8-C534-467E-98AC-CF0F8E0E708D}.Debug|Any CPU.ActiveCfg = Debug|Any CPU
		{E85A75D8-C534-467E-98AC-CF0F8E0E708D}.Debug|Any CPU.Build.0 = Debug|Any CPU
		{E85A75D8-C534-467E-98AC-CF0F8E0E708D}.Debug|Mixed Platforms.ActiveCfg = Debug|Any CPU
		{E85A75D8-C534-467E-98AC-CF0F8E0E708D}.Debug|Mixed Platforms.Build.0 = Debug|Any CPU
		{E85A75D8-C534-467E-98AC-CF0F8E0E708D}.Debug|x86.ActiveCfg = Debug|Any CPU
		{E85A75D8-C534-467E-98AC-CF0F8E0E708D}.Release|Any CPU.ActiveCfg = Release|Any CPU
		{E85A75D8-C534-467E-98AC-CF0F8E0E708D}.Release|Any CPU.Build.0 = Release|Any CPU
		{E85A75D8-C534-467E-98AC-CF0F8E0E708D}.Release|Mixed Platforms.ActiveCfg = Release|Any CPU
		{E85A75D8-C534-467E-98AC-CF0F8E0E708D}.Release|Mixed Platforms.Build.0 = Release|Any CPU
		{E85A75D8-C534-467E-98AC-CF0F8E0E708D}.Release|x86.ActiveCfg = Release|Any CPU
	EndGlobalSection
	GlobalSection(SolutionProperties) = preSolution
		HideSolutionNode = FALSE
	EndGlobalSection
	GlobalSection(NestedProjects) = preSolution
		{A86C041E-BDAF-445B-963A-563C855C60FA} = {2D19B94E-6687-4C67-B843-965F0D42303E}
		{DE7002A5-F531-4616-902A-18AA06BA0356} = {2D19B94E-6687-4C67-B843-965F0D42303E}
		{E77CD83A-F190-483B-959A-D9AB2A6A9F55} = {2D19B94E-6687-4C67-B843-965F0D42303E}
		{1E845AF4-E9B8-4620-9DE0-FCC8C903BEEA} = {2D19B94E-6687-4C67-B843-965F0D42303E}
		{8DD844E0-1EB4-4CDC-99AB-0960608D6C96} = {2D19B94E-6687-4C67-B843-965F0D42303E}
		{F434363C-84EB-4877-B8A7-D73B2585F3E5} = {2D19B94E-6687-4C67-B843-965F0D42303E}
		{2E2B908E-2F06-426D-874C-4BBC6F8FE43C} = {A901747C-A676-4A71-ADA9-5B533AAB800B}
		{94A0A132-E7B7-4547-B3C7-25DA563D2BA6} = {A901747C-A676-4A71-ADA9-5B533AAB800B}
		{B7A41777-D093-4B1E-81C1-7CAE37830B3F} = {94A0A132-E7B7-4547-B3C7-25DA563D2BA6}
		{827087CA-AA3F-4656-8A4D-6C8D7B47B92B} = {94A0A132-E7B7-4547-B3C7-25DA563D2BA6}
		{AADFD7CF-11D0-48E1-B865-D190033F3BFD} = {94A0A132-E7B7-4547-B3C7-25DA563D2BA6}
		{E85A75D8-C534-467E-98AC-CF0F8E0E708D} = {94A0A132-E7B7-4547-B3C7-25DA563D2BA6}
	EndGlobalSection
EndGlobal
